// !$*UTF8*$!
{
	archiveVersion = 1;
	classes = {
	};
	objectVersion = 50;
	objects = {

/* Begin PBXBuildFile section */
		BB054127268F7B130036E214 /* AppDelegate.swift in Sources */ = {isa = PBXBuildFile; fileRef = BB054126268F7B130036E214 /* AppDelegate.swift */; };
		BB054129268F7B130036E214 /* SceneDelegate.swift in Sources */ = {isa = PBXBuildFile; fileRef = BB054128268F7B130036E214 /* SceneDelegate.swift */; };
		BB05412B268F7B130036E214 /* ContentView.swift in Sources */ = {isa = PBXBuildFile; fileRef = BB05412A268F7B130036E214 /* ContentView.swift */; };
		BB05412E268F7B130036E214 /* Dubbox.xcdatamodeld in Sources */ = {isa = PBXBuildFile; fileRef = BB05412C268F7B130036E214 /* Dubbox.xcdatamodeld */; };
		BB054130268F7B160036E214 /* Assets.xcassets in Resources */ = {isa = PBXBuildFile; fileRef = BB05412F268F7B160036E214 /* Assets.xcassets */; };
		BB054133268F7B160036E214 /* Preview Assets.xcassets in Resources */ = {isa = PBXBuildFile; fileRef = BB054132268F7B160036E214 /* Preview Assets.xcassets */; };
		BB054136268F7B160036E214 /* LaunchScreen.storyboard in Resources */ = {isa = PBXBuildFile; fileRef = BB054134268F7B160036E214 /* LaunchScreen.storyboard */; };
		BB054141268F7B160036E214 /* DubboxTests.swift in Sources */ = {isa = PBXBuildFile; fileRef = BB054140268F7B160036E214 /* DubboxTests.swift */; };
		BB05414C268F7B160036E214 /* DubboxUITests.swift in Sources */ = {isa = PBXBuildFile; fileRef = BB05414B268F7B160036E214 /* DubboxUITests.swift */; };
		BB05415C268F7E880036E214 /* Localizable.strings in Resources */ = {isa = PBXBuildFile; fileRef = BB05415E268F7E880036E214 /* Localizable.strings */; };
		BB054162268F7F240036E214 /* LoginView.swift in Sources */ = {isa = PBXBuildFile; fileRef = BB054161268F7F240036E214 /* LoginView.swift */; };
		BB0541A5268F88EF0036E214 /* Nunito-ExtraBold.ttf in Resources */ = {isa = PBXBuildFile; fileRef = BB054197268F88EE0036E214 /* Nunito-ExtraBold.ttf */; };
		BB0541A6268F88EF0036E214 /* Nunito-SemiBoldItalic.ttf in Resources */ = {isa = PBXBuildFile; fileRef = BB054198268F88EE0036E214 /* Nunito-SemiBoldItalic.ttf */; };
		BB0541A7268F88EF0036E214 /* Nunito-BoldItalic.ttf in Resources */ = {isa = PBXBuildFile; fileRef = BB054199268F88EE0036E214 /* Nunito-BoldItalic.ttf */; };
		BB0541A8268F88EF0036E214 /* Nunito-ExtraLight.ttf in Resources */ = {isa = PBXBuildFile; fileRef = BB05419A268F88EE0036E214 /* Nunito-ExtraLight.ttf */; };
		BB0541A9268F88EF0036E214 /* Nunito-Bold.ttf in Resources */ = {isa = PBXBuildFile; fileRef = BB05419B268F88EE0036E214 /* Nunito-Bold.ttf */; };
		BB0541AA268F88EF0036E214 /* Nunito-Light.ttf in Resources */ = {isa = PBXBuildFile; fileRef = BB05419C268F88EE0036E214 /* Nunito-Light.ttf */; };
		BB0541AB268F88EF0036E214 /* Nunito-Italic.ttf in Resources */ = {isa = PBXBuildFile; fileRef = BB05419D268F88EE0036E214 /* Nunito-Italic.ttf */; };
		BB0541AC268F88EF0036E214 /* Nunito-ExtraLightItalic.ttf in Resources */ = {isa = PBXBuildFile; fileRef = BB05419E268F88EE0036E214 /* Nunito-ExtraLightItalic.ttf */; };
		BB0541AD268F88EF0036E214 /* Nunito-Regular.ttf in Resources */ = {isa = PBXBuildFile; fileRef = BB05419F268F88EE0036E214 /* Nunito-Regular.ttf */; };
		BB0541AE268F88EF0036E214 /* Nunito-LightItalic.ttf in Resources */ = {isa = PBXBuildFile; fileRef = BB0541A0268F88EF0036E214 /* Nunito-LightItalic.ttf */; };
		BB0541AF268F88EF0036E214 /* Nunito-BlackItalic.ttf in Resources */ = {isa = PBXBuildFile; fileRef = BB0541A1268F88EF0036E214 /* Nunito-BlackItalic.ttf */; };
		BB0541B0268F88EF0036E214 /* Nunito-ExtraBoldItalic.ttf in Resources */ = {isa = PBXBuildFile; fileRef = BB0541A2268F88EF0036E214 /* Nunito-ExtraBoldItalic.ttf */; };
		BB0541B1268F88EF0036E214 /* Nunito-Black.ttf in Resources */ = {isa = PBXBuildFile; fileRef = BB0541A3268F88EF0036E214 /* Nunito-Black.ttf */; };
		BB0541B2268F88EF0036E214 /* Nunito-SemiBold.ttf in Resources */ = {isa = PBXBuildFile; fileRef = BB0541A4268F88EF0036E214 /* Nunito-SemiBold.ttf */; };
		BB67CF50268F8AEF00FB16F2 /* OpenSans-BoldItalic.ttf in Resources */ = {isa = PBXBuildFile; fileRef = BB67CF46268F8AEF00FB16F2 /* OpenSans-BoldItalic.ttf */; };
		BB67CF51268F8AEF00FB16F2 /* OpenSans-LightItalic.ttf in Resources */ = {isa = PBXBuildFile; fileRef = BB67CF47268F8AEF00FB16F2 /* OpenSans-LightItalic.ttf */; };
		BB67CF52268F8AEF00FB16F2 /* OpenSans-SemiBoldItalic.ttf in Resources */ = {isa = PBXBuildFile; fileRef = BB67CF48268F8AEF00FB16F2 /* OpenSans-SemiBoldItalic.ttf */; };
		BB67CF53268F8AEF00FB16F2 /* OpenSans-Bold.ttf in Resources */ = {isa = PBXBuildFile; fileRef = BB67CF49268F8AEF00FB16F2 /* OpenSans-Bold.ttf */; };
		BB67CF54268F8AEF00FB16F2 /* OpenSans-SemiBold.ttf in Resources */ = {isa = PBXBuildFile; fileRef = BB67CF4A268F8AEF00FB16F2 /* OpenSans-SemiBold.ttf */; };
		BB67CF55268F8AEF00FB16F2 /* OpenSans-Italic.ttf in Resources */ = {isa = PBXBuildFile; fileRef = BB67CF4B268F8AEF00FB16F2 /* OpenSans-Italic.ttf */; };
		BB67CF56268F8AEF00FB16F2 /* OpenSans-ExtraBold.ttf in Resources */ = {isa = PBXBuildFile; fileRef = BB67CF4C268F8AEF00FB16F2 /* OpenSans-ExtraBold.ttf */; };
		BB67CF57268F8AEF00FB16F2 /* OpenSans-Regular.ttf in Resources */ = {isa = PBXBuildFile; fileRef = BB67CF4D268F8AEF00FB16F2 /* OpenSans-Regular.ttf */; };
		BB67CF58268F8AEF00FB16F2 /* OpenSans-Light.ttf in Resources */ = {isa = PBXBuildFile; fileRef = BB67CF4E268F8AEF00FB16F2 /* OpenSans-Light.ttf */; };
		BB67CF59268F8AEF00FB16F2 /* OpenSans-ExtraBoldItalic.ttf in Resources */ = {isa = PBXBuildFile; fileRef = BB67CF4F268F8AEF00FB16F2 /* OpenSans-ExtraBoldItalic.ttf */; };
		BBF62EF32690C314007482A0 /* SignupView.swift in Sources */ = {isa = PBXBuildFile; fileRef = BBF62EF22690C314007482A0 /* SignupView.swift */; };
		BBF62EF626911E36007482A0 /* Webservice.swift in Sources */ = {isa = PBXBuildFile; fileRef = BBF62EF526911E36007482A0 /* Webservice.swift */; };
		BBF62EF826911F72007482A0 /* Constants.swift in Sources */ = {isa = PBXBuildFile; fileRef = BBF62EF726911F72007482A0 /* Constants.swift */; };
		BBF62EFC269128DD007482A0 /* Login.swift in Sources */ = {isa = PBXBuildFile; fileRef = BBF62EFB269128DD007482A0 /* Login.swift */; };
		BBF62EFF26914552007482A0 /* StringExtensions.swift in Sources */ = {isa = PBXBuildFile; fileRef = BBF62EFE26914552007482A0 /* StringExtensions.swift */; };
		BBF62F012691473C007482A0 /* HomeView.swift in Sources */ = {isa = PBXBuildFile; fileRef = BBF62F002691473C007482A0 /* HomeView.swift */; };
		BBF62F0326915BB8007482A0 /* UserData.swift in Sources */ = {isa = PBXBuildFile; fileRef = BBF62F0226915BB8007482A0 /* UserData.swift */; };
		BBF62F072691EDC8007482A0 /* FormRowStaticView.swift in Sources */ = {isa = PBXBuildFile; fileRef = BBF62F062691EDC8007482A0 /* FormRowStaticView.swift */; };
/* End PBXBuildFile section */

/* Begin PBXContainerItemProxy section */
		BB05413D268F7B160036E214 /* PBXContainerItemProxy */ = {
			isa = PBXContainerItemProxy;
			containerPortal = BB05411B268F7B130036E214 /* Project object */;
			proxyType = 1;
			remoteGlobalIDString = BB054122268F7B130036E214;
			remoteInfo = Dubbox;
		};
		BB054148268F7B160036E214 /* PBXContainerItemProxy */ = {
			isa = PBXContainerItemProxy;
			containerPortal = BB05411B268F7B130036E214 /* Project object */;
			proxyType = 1;
			remoteGlobalIDString = BB054122268F7B130036E214;
			remoteInfo = Dubbox;
		};
/* End PBXContainerItemProxy section */

/* Begin PBXFileReference section */
		BB054123268F7B130036E214 /* Dubbox.app */ = {isa = PBXFileReference; explicitFileType = wrapper.application; includeInIndex = 0; path = Dubbox.app; sourceTree = BUILT_PRODUCTS_DIR; };
		BB054126268F7B130036E214 /* AppDelegate.swift */ = {isa = PBXFileReference; lastKnownFileType = sourcecode.swift; path = AppDelegate.swift; sourceTree = "<group>"; };
		BB054128268F7B130036E214 /* SceneDelegate.swift */ = {isa = PBXFileReference; lastKnownFileType = sourcecode.swift; path = SceneDelegate.swift; sourceTree = "<group>"; };
		BB05412A268F7B130036E214 /* ContentView.swift */ = {isa = PBXFileReference; lastKnownFileType = sourcecode.swift; path = ContentView.swift; sourceTree = "<group>"; };
		BB05412D268F7B130036E214 /* Dubbox.xcdatamodel */ = {isa = PBXFileReference; lastKnownFileType = wrapper.xcdatamodel; path = Dubbox.xcdatamodel; sourceTree = "<group>"; };
		BB05412F268F7B160036E214 /* Assets.xcassets */ = {isa = PBXFileReference; lastKnownFileType = folder.assetcatalog; path = Assets.xcassets; sourceTree = "<group>"; };
		BB054132268F7B160036E214 /* Preview Assets.xcassets */ = {isa = PBXFileReference; lastKnownFileType = folder.assetcatalog; path = "Preview Assets.xcassets"; sourceTree = "<group>"; };
		BB054135268F7B160036E214 /* Base */ = {isa = PBXFileReference; lastKnownFileType = file.storyboard; name = Base; path = Base.lproj/LaunchScreen.storyboard; sourceTree = "<group>"; };
		BB054137268F7B160036E214 /* Info.plist */ = {isa = PBXFileReference; lastKnownFileType = text.plist.xml; path = Info.plist; sourceTree = "<group>"; };
		BB05413C268F7B160036E214 /* DubboxTests.xctest */ = {isa = PBXFileReference; explicitFileType = wrapper.cfbundle; includeInIndex = 0; path = DubboxTests.xctest; sourceTree = BUILT_PRODUCTS_DIR; };
		BB054140268F7B160036E214 /* DubboxTests.swift */ = {isa = PBXFileReference; lastKnownFileType = sourcecode.swift; path = DubboxTests.swift; sourceTree = "<group>"; };
		BB054142268F7B160036E214 /* Info.plist */ = {isa = PBXFileReference; lastKnownFileType = text.plist.xml; path = Info.plist; sourceTree = "<group>"; };
		BB054147268F7B160036E214 /* DubboxUITests.xctest */ = {isa = PBXFileReference; explicitFileType = wrapper.cfbundle; includeInIndex = 0; path = DubboxUITests.xctest; sourceTree = BUILT_PRODUCTS_DIR; };
		BB05414B268F7B160036E214 /* DubboxUITests.swift */ = {isa = PBXFileReference; lastKnownFileType = sourcecode.swift; path = DubboxUITests.swift; sourceTree = "<group>"; };
		BB05414D268F7B160036E214 /* Info.plist */ = {isa = PBXFileReference; lastKnownFileType = text.plist.xml; path = Info.plist; sourceTree = "<group>"; };
		BB054159268F7C680036E214 /* pt-BR */ = {isa = PBXFileReference; lastKnownFileType = text.plist.strings; name = "pt-BR"; path = "pt-BR.lproj/LaunchScreen.strings"; sourceTree = "<group>"; };
		BB05415D268F7E880036E214 /* en */ = {isa = PBXFileReference; lastKnownFileType = text.plist.strings; name = en; path = en.lproj/Localizable.strings; sourceTree = "<group>"; };
		BB05415F268F7EC60036E214 /* pt-BR */ = {isa = PBXFileReference; lastKnownFileType = text.plist.strings; name = "pt-BR"; path = "pt-BR.lproj/Localizable.strings"; sourceTree = "<group>"; };
		BB054161268F7F240036E214 /* LoginView.swift */ = {isa = PBXFileReference; lastKnownFileType = sourcecode.swift; path = LoginView.swift; sourceTree = "<group>"; };
		BB054197268F88EE0036E214 /* Nunito-ExtraBold.ttf */ = {isa = PBXFileReference; lastKnownFileType = file; path = "Nunito-ExtraBold.ttf"; sourceTree = "<group>"; };
		BB054198268F88EE0036E214 /* Nunito-SemiBoldItalic.ttf */ = {isa = PBXFileReference; lastKnownFileType = file; path = "Nunito-SemiBoldItalic.ttf"; sourceTree = "<group>"; };
		BB054199268F88EE0036E214 /* Nunito-BoldItalic.ttf */ = {isa = PBXFileReference; lastKnownFileType = file; path = "Nunito-BoldItalic.ttf"; sourceTree = "<group>"; };
		BB05419A268F88EE0036E214 /* Nunito-ExtraLight.ttf */ = {isa = PBXFileReference; lastKnownFileType = file; path = "Nunito-ExtraLight.ttf"; sourceTree = "<group>"; };
		BB05419B268F88EE0036E214 /* Nunito-Bold.ttf */ = {isa = PBXFileReference; lastKnownFileType = file; path = "Nunito-Bold.ttf"; sourceTree = "<group>"; };
		BB05419C268F88EE0036E214 /* Nunito-Light.ttf */ = {isa = PBXFileReference; lastKnownFileType = file; path = "Nunito-Light.ttf"; sourceTree = "<group>"; };
		BB05419D268F88EE0036E214 /* Nunito-Italic.ttf */ = {isa = PBXFileReference; lastKnownFileType = file; path = "Nunito-Italic.ttf"; sourceTree = "<group>"; };
		BB05419E268F88EE0036E214 /* Nunito-ExtraLightItalic.ttf */ = {isa = PBXFileReference; lastKnownFileType = file; path = "Nunito-ExtraLightItalic.ttf"; sourceTree = "<group>"; };
		BB05419F268F88EE0036E214 /* Nunito-Regular.ttf */ = {isa = PBXFileReference; lastKnownFileType = file; path = "Nunito-Regular.ttf"; sourceTree = "<group>"; };
		BB0541A0268F88EF0036E214 /* Nunito-LightItalic.ttf */ = {isa = PBXFileReference; lastKnownFileType = file; path = "Nunito-LightItalic.ttf"; sourceTree = "<group>"; };
		BB0541A1268F88EF0036E214 /* Nunito-BlackItalic.ttf */ = {isa = PBXFileReference; lastKnownFileType = file; path = "Nunito-BlackItalic.ttf"; sourceTree = "<group>"; };
		BB0541A2268F88EF0036E214 /* Nunito-ExtraBoldItalic.ttf */ = {isa = PBXFileReference; lastKnownFileType = file; path = "Nunito-ExtraBoldItalic.ttf"; sourceTree = "<group>"; };
		BB0541A3268F88EF0036E214 /* Nunito-Black.ttf */ = {isa = PBXFileReference; lastKnownFileType = file; path = "Nunito-Black.ttf"; sourceTree = "<group>"; };
		BB0541A4268F88EF0036E214 /* Nunito-SemiBold.ttf */ = {isa = PBXFileReference; lastKnownFileType = file; path = "Nunito-SemiBold.ttf"; sourceTree = "<group>"; };
		BB67CF46268F8AEF00FB16F2 /* OpenSans-BoldItalic.ttf */ = {isa = PBXFileReference; lastKnownFileType = file; path = "OpenSans-BoldItalic.ttf"; sourceTree = "<group>"; };
		BB67CF47268F8AEF00FB16F2 /* OpenSans-LightItalic.ttf */ = {isa = PBXFileReference; lastKnownFileType = file; path = "OpenSans-LightItalic.ttf"; sourceTree = "<group>"; };
		BB67CF48268F8AEF00FB16F2 /* OpenSans-SemiBoldItalic.ttf */ = {isa = PBXFileReference; lastKnownFileType = file; path = "OpenSans-SemiBoldItalic.ttf"; sourceTree = "<group>"; };
		BB67CF49268F8AEF00FB16F2 /* OpenSans-Bold.ttf */ = {isa = PBXFileReference; lastKnownFileType = file; path = "OpenSans-Bold.ttf"; sourceTree = "<group>"; };
		BB67CF4A268F8AEF00FB16F2 /* OpenSans-SemiBold.ttf */ = {isa = PBXFileReference; lastKnownFileType = file; path = "OpenSans-SemiBold.ttf"; sourceTree = "<group>"; };
		BB67CF4B268F8AEF00FB16F2 /* OpenSans-Italic.ttf */ = {isa = PBXFileReference; lastKnownFileType = file; path = "OpenSans-Italic.ttf"; sourceTree = "<group>"; };
		BB67CF4C268F8AEF00FB16F2 /* OpenSans-ExtraBold.ttf */ = {isa = PBXFileReference; lastKnownFileType = file; path = "OpenSans-ExtraBold.ttf"; sourceTree = "<group>"; };
		BB67CF4D268F8AEF00FB16F2 /* OpenSans-Regular.ttf */ = {isa = PBXFileReference; lastKnownFileType = file; path = "OpenSans-Regular.ttf"; sourceTree = "<group>"; };
		BB67CF4E268F8AEF00FB16F2 /* OpenSans-Light.ttf */ = {isa = PBXFileReference; lastKnownFileType = file; path = "OpenSans-Light.ttf"; sourceTree = "<group>"; };
		BB67CF4F268F8AEF00FB16F2 /* OpenSans-ExtraBoldItalic.ttf */ = {isa = PBXFileReference; lastKnownFileType = file; path = "OpenSans-ExtraBoldItalic.ttf"; sourceTree = "<group>"; };
		BBF62EF22690C314007482A0 /* SignupView.swift */ = {isa = PBXFileReference; lastKnownFileType = sourcecode.swift; path = SignupView.swift; sourceTree = "<group>"; };
		BBF62EF526911E36007482A0 /* Webservice.swift */ = {isa = PBXFileReference; lastKnownFileType = sourcecode.swift; path = Webservice.swift; sourceTree = "<group>"; };
		BBF62EF726911F72007482A0 /* Constants.swift */ = {isa = PBXFileReference; lastKnownFileType = sourcecode.swift; path = Constants.swift; sourceTree = "<group>"; };
		BBF62EFB269128DD007482A0 /* Login.swift */ = {isa = PBXFileReference; lastKnownFileType = sourcecode.swift; path = Login.swift; sourceTree = "<group>"; };
		BBF62EFE26914552007482A0 /* StringExtensions.swift */ = {isa = PBXFileReference; lastKnownFileType = sourcecode.swift; path = StringExtensions.swift; sourceTree = "<group>"; };
		BBF62F002691473C007482A0 /* HomeView.swift */ = {isa = PBXFileReference; lastKnownFileType = sourcecode.swift; path = HomeView.swift; sourceTree = "<group>"; };
		BBF62F0226915BB8007482A0 /* UserData.swift */ = {isa = PBXFileReference; lastKnownFileType = sourcecode.swift; path = UserData.swift; sourceTree = "<group>"; };
		BBF62F062691EDC8007482A0 /* FormRowStaticView.swift */ = {isa = PBXFileReference; lastKnownFileType = sourcecode.swift; path = FormRowStaticView.swift; sourceTree = "<group>"; };
/* End PBXFileReference section */

/* Begin PBXFrameworksBuildPhase section */
		BB054120268F7B130036E214 /* Frameworks */ = {
			isa = PBXFrameworksBuildPhase;
			buildActionMask = 2147483647;
			files = (
			);
			runOnlyForDeploymentPostprocessing = 0;
		};
		BB054139268F7B160036E214 /* Frameworks */ = {
			isa = PBXFrameworksBuildPhase;
			buildActionMask = 2147483647;
			files = (
			);
			runOnlyForDeploymentPostprocessing = 0;
		};
		BB054144268F7B160036E214 /* Frameworks */ = {
			isa = PBXFrameworksBuildPhase;
			buildActionMask = 2147483647;
			files = (
			);
			runOnlyForDeploymentPostprocessing = 0;
		};
/* End PBXFrameworksBuildPhase section */

/* Begin PBXGroup section */
		BB05411A268F7B130036E214 = {
			isa = PBXGroup;
			children = (
				BB054125268F7B130036E214 /* Dubbox */,
				BB05413F268F7B160036E214 /* DubboxTests */,
				BB05414A268F7B160036E214 /* DubboxUITests */,
				BB054124268F7B130036E214 /* Products */,
			);
			sourceTree = "<group>";
		};
		BB054124268F7B130036E214 /* Products */ = {
			isa = PBXGroup;
			children = (
				BB054123268F7B130036E214 /* Dubbox.app */,
				BB05413C268F7B160036E214 /* DubboxTests.xctest */,
				BB054147268F7B160036E214 /* DubboxUITests.xctest */,
			);
			name = Products;
			sourceTree = "<group>";
		};
		BB054125268F7B130036E214 /* Dubbox */ = {
			isa = PBXGroup;
			children = (
				BBF62EF426911E1E007482A0 /* Services */,
				BBF62EFA269128B0007482A0 /* Models */,
				BB054160268F7F040036E214 /* Views */,
				BBF62EFD26914534007482A0 /* Extensions */,
				BBF62F0826921675007482A0 /* ObservedObjects */,
				BB054196268F88D80036E214 /* Fonts */,
				BB054126268F7B130036E214 /* AppDelegate.swift */,
				BB05415E268F7E880036E214 /* Localizable.strings */,
				BB054128268F7B130036E214 /* SceneDelegate.swift */,
				BB05412F268F7B160036E214 /* Assets.xcassets */,
				BB054134268F7B160036E214 /* LaunchScreen.storyboard */,
				BB054137268F7B160036E214 /* Info.plist */,
				BB05412C268F7B130036E214 /* Dubbox.xcdatamodeld */,
				BB054131268F7B160036E214 /* Preview Content */,
			);
			path = Dubbox;
			sourceTree = "<group>";
		};
		BB054131268F7B160036E214 /* Preview Content */ = {
			isa = PBXGroup;
			children = (
				BB054132268F7B160036E214 /* Preview Assets.xcassets */,
			);
			path = "Preview Content";
			sourceTree = "<group>";
		};
		BB05413F268F7B160036E214 /* DubboxTests */ = {
			isa = PBXGroup;
			children = (
				BB054140268F7B160036E214 /* DubboxTests.swift */,
				BB054142268F7B160036E214 /* Info.plist */,
			);
			path = DubboxTests;
			sourceTree = "<group>";
		};
		BB05414A268F7B160036E214 /* DubboxUITests */ = {
			isa = PBXGroup;
			children = (
				BB05414B268F7B160036E214 /* DubboxUITests.swift */,
				BB05414D268F7B160036E214 /* Info.plist */,
			);
			path = DubboxUITests;
			sourceTree = "<group>";
		};
		BB054160268F7F040036E214 /* Views */ = {
			isa = PBXGroup;
			children = (
				BB054161268F7F240036E214 /* LoginView.swift */,
				BBF62F062691EDC8007482A0 /* FormRowStaticView.swift */,
				BBF62F002691473C007482A0 /* HomeView.swift */,
				BBF62EF22690C314007482A0 /* SignupView.swift */,
				BB05412A268F7B130036E214 /* ContentView.swift */,
			);
			path = Views;
			sourceTree = "<group>";
		};
		BB054196268F88D80036E214 /* Fonts */ = {
			isa = PBXGroup;
			children = (
				BB0541A3268F88EF0036E214 /* Nunito-Black.ttf */,
				BB0541A1268F88EF0036E214 /* Nunito-BlackItalic.ttf */,
				BB05419B268F88EE0036E214 /* Nunito-Bold.ttf */,
				BB054199268F88EE0036E214 /* Nunito-BoldItalic.ttf */,
				BB054197268F88EE0036E214 /* Nunito-ExtraBold.ttf */,
				BB0541A2268F88EF0036E214 /* Nunito-ExtraBoldItalic.ttf */,
				BB05419A268F88EE0036E214 /* Nunito-ExtraLight.ttf */,
				BB05419E268F88EE0036E214 /* Nunito-ExtraLightItalic.ttf */,
				BB05419D268F88EE0036E214 /* Nunito-Italic.ttf */,
				BB05419C268F88EE0036E214 /* Nunito-Light.ttf */,
				BB0541A0268F88EF0036E214 /* Nunito-LightItalic.ttf */,
				BB05419F268F88EE0036E214 /* Nunito-Regular.ttf */,
				BB0541A4268F88EF0036E214 /* Nunito-SemiBold.ttf */,
				BB054198268F88EE0036E214 /* Nunito-SemiBoldItalic.ttf */,
				BB67CF49268F8AEF00FB16F2 /* OpenSans-Bold.ttf */,
				BB67CF46268F8AEF00FB16F2 /* OpenSans-BoldItalic.ttf */,
				BB67CF4C268F8AEF00FB16F2 /* OpenSans-ExtraBold.ttf */,
				BB67CF4F268F8AEF00FB16F2 /* OpenSans-ExtraBoldItalic.ttf */,
				BB67CF4B268F8AEF00FB16F2 /* OpenSans-Italic.ttf */,
				BB67CF4E268F8AEF00FB16F2 /* OpenSans-Light.ttf */,
				BB67CF47268F8AEF00FB16F2 /* OpenSans-LightItalic.ttf */,
				BB67CF4D268F8AEF00FB16F2 /* OpenSans-Regular.ttf */,
				BB67CF4A268F8AEF00FB16F2 /* OpenSans-SemiBold.ttf */,
				BB67CF48268F8AEF00FB16F2 /* OpenSans-SemiBoldItalic.ttf */,
			);
			path = Fonts;
			sourceTree = "<group>";
		};
		BBF62EF426911E1E007482A0 /* Services */ = {
			isa = PBXGroup;
			children = (
				BBF62EF526911E36007482A0 /* Webservice.swift */,
				BBF62EF726911F72007482A0 /* Constants.swift */,
			);
			path = Services;
			sourceTree = "<group>";
		};
		BBF62EFA269128B0007482A0 /* Models */ = {
			isa = PBXGroup;
			children = (
				BBF62EFB269128DD007482A0 /* Login.swift */,
			);
			path = Models;
			sourceTree = "<group>";
		};
		BBF62EFD26914534007482A0 /* Extensions */ = {
			isa = PBXGroup;
			children = (
				BBF62EFE26914552007482A0 /* StringExtensions.swift */,
			);
			path = Extensions;
			sourceTree = "<group>";
		};
		BBF62F0826921675007482A0 /* ObservedObjects */ = {
			isa = PBXGroup;
			children = (
				BBF62F0226915BB8007482A0 /* UserData.swift */,
			);
			path = ObservedObjects;
			sourceTree = "<group>";
		};
/* End PBXGroup section */

/* Begin PBXNativeTarget section */
		BB054122268F7B130036E214 /* Dubbox */ = {
			isa = PBXNativeTarget;
			buildConfigurationList = BB054150268F7B160036E214 /* Build configuration list for PBXNativeTarget "Dubbox" */;
			buildPhases = (
				BB05411F268F7B130036E214 /* Sources */,
				BB054120268F7B130036E214 /* Frameworks */,
				BB054121268F7B130036E214 /* Resources */,
			);
			buildRules = (
			);
			dependencies = (
			);
			name = Dubbox;
			productName = Dubbox;
			productReference = BB054123268F7B130036E214 /* Dubbox.app */;
			productType = "com.apple.product-type.application";
		};
		BB05413B268F7B160036E214 /* DubboxTests */ = {
			isa = PBXNativeTarget;
			buildConfigurationList = BB054153268F7B160036E214 /* Build configuration list for PBXNativeTarget "DubboxTests" */;
			buildPhases = (
				BB054138268F7B160036E214 /* Sources */,
				BB054139268F7B160036E214 /* Frameworks */,
				BB05413A268F7B160036E214 /* Resources */,
			);
			buildRules = (
			);
			dependencies = (
				BB05413E268F7B160036E214 /* PBXTargetDependency */,
			);
			name = DubboxTests;
			productName = DubboxTests;
			productReference = BB05413C268F7B160036E214 /* DubboxTests.xctest */;
			productType = "com.apple.product-type.bundle.unit-test";
		};
		BB054146268F7B160036E214 /* DubboxUITests */ = {
			isa = PBXNativeTarget;
			buildConfigurationList = BB054156268F7B160036E214 /* Build configuration list for PBXNativeTarget "DubboxUITests" */;
			buildPhases = (
				BB054143268F7B160036E214 /* Sources */,
				BB054144268F7B160036E214 /* Frameworks */,
				BB054145268F7B160036E214 /* Resources */,
			);
			buildRules = (
			);
			dependencies = (
				BB054149268F7B160036E214 /* PBXTargetDependency */,
			);
			name = DubboxUITests;
			productName = DubboxUITests;
			productReference = BB054147268F7B160036E214 /* DubboxUITests.xctest */;
			productType = "com.apple.product-type.bundle.ui-testing";
		};
/* End PBXNativeTarget section */

/* Begin PBXProject section */
		BB05411B268F7B130036E214 /* Project object */ = {
			isa = PBXProject;
			attributes = {
				LastSwiftUpdateCheck = 1250;
				LastUpgradeCheck = 1250;
				TargetAttributes = {
					BB054122268F7B130036E214 = {
						CreatedOnToolsVersion = 12.5.1;
					};
					BB05413B268F7B160036E214 = {
						CreatedOnToolsVersion = 12.5.1;
						TestTargetID = BB054122268F7B130036E214;
					};
					BB054146268F7B160036E214 = {
						CreatedOnToolsVersion = 12.5.1;
						TestTargetID = BB054122268F7B130036E214;
					};
				};
			};
			buildConfigurationList = BB05411E268F7B130036E214 /* Build configuration list for PBXProject "Dubbox" */;
			compatibilityVersion = "Xcode 9.3";
			developmentRegion = en;
			hasScannedForEncodings = 0;
			knownRegions = (
				en,
				Base,
				"pt-BR",
			);
			mainGroup = BB05411A268F7B130036E214;
			productRefGroup = BB054124268F7B130036E214 /* Products */;
			projectDirPath = "";
			projectRoot = "";
			targets = (
				BB054122268F7B130036E214 /* Dubbox */,
				BB05413B268F7B160036E214 /* DubboxTests */,
				BB054146268F7B160036E214 /* DubboxUITests */,
			);
		};
/* End PBXProject section */

/* Begin PBXResourcesBuildPhase section */
		BB054121268F7B130036E214 /* Resources */ = {
			isa = PBXResourcesBuildPhase;
			buildActionMask = 2147483647;
			files = (
				BB67CF53268F8AEF00FB16F2 /* OpenSans-Bold.ttf in Resources */,
				BB0541A6268F88EF0036E214 /* Nunito-SemiBoldItalic.ttf in Resources */,
				BB054136268F7B160036E214 /* LaunchScreen.storyboard in Resources */,
				BB67CF54268F8AEF00FB16F2 /* OpenSans-SemiBold.ttf in Resources */,
				BB0541AB268F88EF0036E214 /* Nunito-Italic.ttf in Resources */,
				BB0541A7268F88EF0036E214 /* Nunito-BoldItalic.ttf in Resources */,
				BB0541AF268F88EF0036E214 /* Nunito-BlackItalic.ttf in Resources */,
				BB0541AE268F88EF0036E214 /* Nunito-LightItalic.ttf in Resources */,
				BB05415C268F7E880036E214 /* Localizable.strings in Resources */,
				BB67CF55268F8AEF00FB16F2 /* OpenSans-Italic.ttf in Resources */,
				BB0541A9268F88EF0036E214 /* Nunito-Bold.ttf in Resources */,
				BB67CF50268F8AEF00FB16F2 /* OpenSans-BoldItalic.ttf in Resources */,
				BB0541B1268F88EF0036E214 /* Nunito-Black.ttf in Resources */,
				BB0541A5268F88EF0036E214 /* Nunito-ExtraBold.ttf in Resources */,
				BB67CF56268F8AEF00FB16F2 /* OpenSans-ExtraBold.ttf in Resources */,
				BB67CF59268F8AEF00FB16F2 /* OpenSans-ExtraBoldItalic.ttf in Resources */,
				BB67CF58268F8AEF00FB16F2 /* OpenSans-Light.ttf in Resources */,
				BB0541AC268F88EF0036E214 /* Nunito-ExtraLightItalic.ttf in Resources */,
				BB67CF52268F8AEF00FB16F2 /* OpenSans-SemiBoldItalic.ttf in Resources */,
				BB0541AA268F88EF0036E214 /* Nunito-Light.ttf in Resources */,
				BB0541B2268F88EF0036E214 /* Nunito-SemiBold.ttf in Resources */,
				BB67CF51268F8AEF00FB16F2 /* OpenSans-LightItalic.ttf in Resources */,
				BB0541B0268F88EF0036E214 /* Nunito-ExtraBoldItalic.ttf in Resources */,
				BB054133268F7B160036E214 /* Preview Assets.xcassets in Resources */,
				BB0541AD268F88EF0036E214 /* Nunito-Regular.ttf in Resources */,
				BB054130268F7B160036E214 /* Assets.xcassets in Resources */,
				BB67CF57268F8AEF00FB16F2 /* OpenSans-Regular.ttf in Resources */,
				BB0541A8268F88EF0036E214 /* Nunito-ExtraLight.ttf in Resources */,
			);
			runOnlyForDeploymentPostprocessing = 0;
		};
		BB05413A268F7B160036E214 /* Resources */ = {
			isa = PBXResourcesBuildPhase;
			buildActionMask = 2147483647;
			files = (
			);
			runOnlyForDeploymentPostprocessing = 0;
		};
		BB054145268F7B160036E214 /* Resources */ = {
			isa = PBXResourcesBuildPhase;
			buildActionMask = 2147483647;
			files = (
			);
			runOnlyForDeploymentPostprocessing = 0;
		};
/* End PBXResourcesBuildPhase section */

/* Begin PBXSourcesBuildPhase section */
		BB05411F268F7B130036E214 /* Sources */ = {
			isa = PBXSourcesBuildPhase;
			buildActionMask = 2147483647;
			files = (
				BBF62EF32690C314007482A0 /* SignupView.swift in Sources */,
				BBF62EF626911E36007482A0 /* Webservice.swift in Sources */,
				BBF62EFF26914552007482A0 /* StringExtensions.swift in Sources */,
				BB054127268F7B130036E214 /* AppDelegate.swift in Sources */,
				BB054129268F7B130036E214 /* SceneDelegate.swift in Sources */,
				BBF62F012691473C007482A0 /* HomeView.swift in Sources */,
				BBF62F072691EDC8007482A0 /* FormRowStaticView.swift in Sources */,
				BBF62F0326915BB8007482A0 /* UserData.swift in Sources */,
				BB05412B268F7B130036E214 /* ContentView.swift in Sources */,
				BB054162268F7F240036E214 /* LoginView.swift in Sources */,
				BBF62EFC269128DD007482A0 /* Login.swift in Sources */,
				BB05412E268F7B130036E214 /* Dubbox.xcdatamodeld in Sources */,
				BBF62EF826911F72007482A0 /* Constants.swift in Sources */,
			);
			runOnlyForDeploymentPostprocessing = 0;
		};
		BB054138268F7B160036E214 /* Sources */ = {
			isa = PBXSourcesBuildPhase;
			buildActionMask = 2147483647;
			files = (
				BB054141268F7B160036E214 /* DubboxTests.swift in Sources */,
			);
			runOnlyForDeploymentPostprocessing = 0;
		};
		BB054143268F7B160036E214 /* Sources */ = {
			isa = PBXSourcesBuildPhase;
			buildActionMask = 2147483647;
			files = (
				BB05414C268F7B160036E214 /* DubboxUITests.swift in Sources */,
			);
			runOnlyForDeploymentPostprocessing = 0;
		};
/* End PBXSourcesBuildPhase section */

/* Begin PBXTargetDependency section */
		BB05413E268F7B160036E214 /* PBXTargetDependency */ = {
			isa = PBXTargetDependency;
			target = BB054122268F7B130036E214 /* Dubbox */;
			targetProxy = BB05413D268F7B160036E214 /* PBXContainerItemProxy */;
		};
		BB054149268F7B160036E214 /* PBXTargetDependency */ = {
			isa = PBXTargetDependency;
			target = BB054122268F7B130036E214 /* Dubbox */;
			targetProxy = BB054148268F7B160036E214 /* PBXContainerItemProxy */;
		};
/* End PBXTargetDependency section */

/* Begin PBXVariantGroup section */
		BB054134268F7B160036E214 /* LaunchScreen.storyboard */ = {
			isa = PBXVariantGroup;
			children = (
				BB054135268F7B160036E214 /* Base */,
				BB054159268F7C680036E214 /* pt-BR */,
			);
			name = LaunchScreen.storyboard;
			sourceTree = "<group>";
		};
		BB05415E268F7E880036E214 /* Localizable.strings */ = {
			isa = PBXVariantGroup;
			children = (
				BB05415D268F7E880036E214 /* en */,
				BB05415F268F7EC60036E214 /* pt-BR */,
			);
			name = Localizable.strings;
			sourceTree = "<group>";
		};
/* End PBXVariantGroup section */

/* Begin XCBuildConfiguration section */
		BB05414E268F7B160036E214 /* Debug */ = {
			isa = XCBuildConfiguration;
			buildSettings = {
				ALWAYS_SEARCH_USER_PATHS = NO;
				CLANG_ANALYZER_LOCALIZABILITY_NONLOCALIZED = YES;
				CLANG_ANALYZER_NONNULL = YES;
				CLANG_ANALYZER_NUMBER_OBJECT_CONVERSION = YES_AGGRESSIVE;
				CLANG_CXX_LANGUAGE_STANDARD = "gnu++14";
				CLANG_CXX_LIBRARY = "libc++";
				CLANG_ENABLE_MODULES = YES;
				CLANG_ENABLE_OBJC_ARC = YES;
				CLANG_ENABLE_OBJC_WEAK = YES;
				CLANG_WARN_BLOCK_CAPTURE_AUTORELEASING = YES;
				CLANG_WARN_BOOL_CONVERSION = YES;
				CLANG_WARN_COMMA = YES;
				CLANG_WARN_CONSTANT_CONVERSION = YES;
				CLANG_WARN_DEPRECATED_OBJC_IMPLEMENTATIONS = YES;
				CLANG_WARN_DIRECT_OBJC_ISA_USAGE = YES_ERROR;
				CLANG_WARN_DOCUMENTATION_COMMENTS = YES;
				CLANG_WARN_EMPTY_BODY = YES;
				CLANG_WARN_ENUM_CONVERSION = YES;
				CLANG_WARN_INFINITE_RECURSION = YES;
				CLANG_WARN_INT_CONVERSION = YES;
				CLANG_WARN_NON_LITERAL_NULL_CONVERSION = YES;
				CLANG_WARN_OBJC_IMPLICIT_RETAIN_SELF = YES;
				CLANG_WARN_OBJC_LITERAL_CONVERSION = YES;
				CLANG_WARN_OBJC_ROOT_CLASS = YES_ERROR;
				CLANG_WARN_QUOTED_INCLUDE_IN_FRAMEWORK_HEADER = YES;
				CLANG_WARN_RANGE_LOOP_ANALYSIS = YES;
				CLANG_WARN_STRICT_PROTOTYPES = YES;
				CLANG_WARN_SUSPICIOUS_MOVE = YES;
				CLANG_WARN_UNGUARDED_AVAILABILITY = YES_AGGRESSIVE;
				CLANG_WARN_UNREACHABLE_CODE = YES;
				CLANG_WARN__DUPLICATE_METHOD_MATCH = YES;
				COPY_PHASE_STRIP = NO;
				DEBUG_INFORMATION_FORMAT = dwarf;
				ENABLE_STRICT_OBJC_MSGSEND = YES;
				ENABLE_TESTABILITY = YES;
				GCC_C_LANGUAGE_STANDARD = gnu11;
				GCC_DYNAMIC_NO_PIC = NO;
				GCC_NO_COMMON_BLOCKS = YES;
				GCC_OPTIMIZATION_LEVEL = 0;
				GCC_PREPROCESSOR_DEFINITIONS = (
					"DEBUG=1",
					"$(inherited)",
				);
				GCC_WARN_64_TO_32_BIT_CONVERSION = YES;
				GCC_WARN_ABOUT_RETURN_TYPE = YES_ERROR;
				GCC_WARN_UNDECLARED_SELECTOR = YES;
				GCC_WARN_UNINITIALIZED_AUTOS = YES_AGGRESSIVE;
				GCC_WARN_UNUSED_FUNCTION = YES;
				GCC_WARN_UNUSED_VARIABLE = YES;
				IPHONEOS_DEPLOYMENT_TARGET = 14.1;
				MTL_ENABLE_DEBUG_INFO = INCLUDE_SOURCE;
				MTL_FAST_MATH = YES;
				ONLY_ACTIVE_ARCH = YES;
				SDKROOT = iphoneos;
				SWIFT_ACTIVE_COMPILATION_CONDITIONS = DEBUG;
				SWIFT_OPTIMIZATION_LEVEL = "-Onone";
			};
			name = Debug;
		};
		BB05414F268F7B160036E214 /* Release */ = {
			isa = XCBuildConfiguration;
			buildSettings = {
				ALWAYS_SEARCH_USER_PATHS = NO;
				CLANG_ANALYZER_LOCALIZABILITY_NONLOCALIZED = YES;
				CLANG_ANALYZER_NONNULL = YES;
				CLANG_ANALYZER_NUMBER_OBJECT_CONVERSION = YES_AGGRESSIVE;
				CLANG_CXX_LANGUAGE_STANDARD = "gnu++14";
				CLANG_CXX_LIBRARY = "libc++";
				CLANG_ENABLE_MODULES = YES;
				CLANG_ENABLE_OBJC_ARC = YES;
				CLANG_ENABLE_OBJC_WEAK = YES;
				CLANG_WARN_BLOCK_CAPTURE_AUTORELEASING = YES;
				CLANG_WARN_BOOL_CONVERSION = YES;
				CLANG_WARN_COMMA = YES;
				CLANG_WARN_CONSTANT_CONVERSION = YES;
				CLANG_WARN_DEPRECATED_OBJC_IMPLEMENTATIONS = YES;
				CLANG_WARN_DIRECT_OBJC_ISA_USAGE = YES_ERROR;
				CLANG_WARN_DOCUMENTATION_COMMENTS = YES;
				CLANG_WARN_EMPTY_BODY = YES;
				CLANG_WARN_ENUM_CONVERSION = YES;
				CLANG_WARN_INFINITE_RECURSION = YES;
				CLANG_WARN_INT_CONVERSION = YES;
				CLANG_WARN_NON_LITERAL_NULL_CONVERSION = YES;
				CLANG_WARN_OBJC_IMPLICIT_RETAIN_SELF = YES;
				CLANG_WARN_OBJC_LITERAL_CONVERSION = YES;
				CLANG_WARN_OBJC_ROOT_CLASS = YES_ERROR;
				CLANG_WARN_QUOTED_INCLUDE_IN_FRAMEWORK_HEADER = YES;
				CLANG_WARN_RANGE_LOOP_ANALYSIS = YES;
				CLANG_WARN_STRICT_PROTOTYPES = YES;
				CLANG_WARN_SUSPICIOUS_MOVE = YES;
				CLANG_WARN_UNGUARDED_AVAILABILITY = YES_AGGRESSIVE;
				CLANG_WARN_UNREACHABLE_CODE = YES;
				CLANG_WARN__DUPLICATE_METHOD_MATCH = YES;
				COPY_PHASE_STRIP = NO;
				DEBUG_INFORMATION_FORMAT = "dwarf-with-dsym";
				ENABLE_NS_ASSERTIONS = NO;
				ENABLE_STRICT_OBJC_MSGSEND = YES;
				GCC_C_LANGUAGE_STANDARD = gnu11;
				GCC_NO_COMMON_BLOCKS = YES;
				GCC_WARN_64_TO_32_BIT_CONVERSION = YES;
				GCC_WARN_ABOUT_RETURN_TYPE = YES_ERROR;
				GCC_WARN_UNDECLARED_SELECTOR = YES;
				GCC_WARN_UNINITIALIZED_AUTOS = YES_AGGRESSIVE;
				GCC_WARN_UNUSED_FUNCTION = YES;
				GCC_WARN_UNUSED_VARIABLE = YES;
				IPHONEOS_DEPLOYMENT_TARGET = 14.1;
				MTL_ENABLE_DEBUG_INFO = NO;
				MTL_FAST_MATH = YES;
				SDKROOT = iphoneos;
				SWIFT_COMPILATION_MODE = wholemodule;
				SWIFT_OPTIMIZATION_LEVEL = "-O";
				VALIDATE_PRODUCT = YES;
			};
			name = Release;
		};
		BB054151268F7B160036E214 /* Debug */ = {
			isa = XCBuildConfiguration;
			buildSettings = {
				ASSETCATALOG_COMPILER_APPICON_NAME = AppIcon;
				ASSETCATALOG_COMPILER_GLOBAL_ACCENT_COLOR_NAME = AccentColor;
				CODE_SIGN_STYLE = Automatic;
				DEVELOPMENT_ASSET_PATHS = "\"Dubbox/Preview Content\"";
				DEVELOPMENT_TEAM = 56EQ48SVZJ;
				ENABLE_PREVIEWS = YES;
				INFOPLIST_FILE = Dubbox/Info.plist;
				LD_RUNPATH_SEARCH_PATHS = (
					"$(inherited)",
					"@executable_path/Frameworks",
				);
				PRODUCT_BUNDLE_IDENTIFIER = br.eti.manoelfilho.dubbox.Dubbox;
				PRODUCT_NAME = "$(TARGET_NAME)";
				SWIFT_VERSION = 5.0;
				TARGETED_DEVICE_FAMILY = "1,2";
			};
			name = Debug;
		};
		BB054152268F7B160036E214 /* Release */ = {
			isa = XCBuildConfiguration;
			buildSettings = {
				ASSETCATALOG_COMPILER_APPICON_NAME = AppIcon;
				ASSETCATALOG_COMPILER_GLOBAL_ACCENT_COLOR_NAME = AccentColor;
				CODE_SIGN_STYLE = Automatic;
				DEVELOPMENT_ASSET_PATHS = "\"Dubbox/Preview Content\"";
				DEVELOPMENT_TEAM = 56EQ48SVZJ;
				ENABLE_PREVIEWS = YES;
				INFOPLIST_FILE = Dubbox/Info.plist;
				LD_RUNPATH_SEARCH_PATHS = (
					"$(inherited)",
					"@executable_path/Frameworks",
				);
				PRODUCT_BUNDLE_IDENTIFIER = br.eti.manoelfilho.dubbox.Dubbox;
				PRODUCT_NAME = "$(TARGET_NAME)";
				SWIFT_VERSION = 5.0;
				TARGETED_DEVICE_FAMILY = "1,2";
			};
			name = Release;
		};
		BB054154268F7B160036E214 /* Debug */ = {
			isa = XCBuildConfiguration;
			buildSettings = {
				ALWAYS_EMBED_SWIFT_STANDARD_LIBRARIES = YES;
				BUNDLE_LOADER = "$(TEST_HOST)";
				CODE_SIGN_STYLE = Automatic;
				DEVELOPMENT_TEAM = 56EQ48SVZJ;
				INFOPLIST_FILE = DubboxTests/Info.plist;
				IPHONEOS_DEPLOYMENT_TARGET = 14.5;
				LD_RUNPATH_SEARCH_PATHS = (
					"$(inherited)",
					"@executable_path/Frameworks",
					"@loader_path/Frameworks",
				);
				PRODUCT_BUNDLE_IDENTIFIER = br.eti.manoelfilho.dubbox.DubboxTests;
				PRODUCT_NAME = "$(TARGET_NAME)";
				SWIFT_VERSION = 5.0;
				TARGETED_DEVICE_FAMILY = "1,2";
				TEST_HOST = "$(BUILT_PRODUCTS_DIR)/Dubbox.app/Dubbox";
			};
			name = Debug;
		};
		BB054155268F7B160036E214 /* Release */ = {
			isa = XCBuildConfiguration;
			buildSettings = {
				ALWAYS_EMBED_SWIFT_STANDARD_LIBRARIES = YES;
				BUNDLE_LOADER = "$(TEST_HOST)";
				CODE_SIGN_STYLE = Automatic;
				DEVELOPMENT_TEAM = 56EQ48SVZJ;
				INFOPLIST_FILE = DubboxTests/Info.plist;
				IPHONEOS_DEPLOYMENT_TARGET = 14.5;
				LD_RUNPATH_SEARCH_PATHS = (
					"$(inherited)",
					"@executable_path/Frameworks",
					"@loader_path/Frameworks",
				);
				PRODUCT_BUNDLE_IDENTIFIER = br.eti.manoelfilho.dubbox.DubboxTests;
				PRODUCT_NAME = "$(TARGET_NAME)";
				SWIFT_VERSION = 5.0;
				TARGETED_DEVICE_FAMILY = "1,2";
				TEST_HOST = "$(BUILT_PRODUCTS_DIR)/Dubbox.app/Dubbox";
			};
			name = Release;
		};
		BB054157268F7B160036E214 /* Debug */ = {
			isa = XCBuildConfiguration;
			buildSettings = {
				ALWAYS_EMBED_SWIFT_STANDARD_LIBRARIES = YES;
				CODE_SIGN_STYLE = Automatic;
				DEVELOPMENT_TEAM = 56EQ48SVZJ;
				INFOPLIST_FILE = DubboxUITests/Info.plist;
				LD_RUNPATH_SEARCH_PATHS = (
					"$(inherited)",
					"@executable_path/Frameworks",
					"@loader_path/Frameworks",
				);
				PRODUCT_BUNDLE_IDENTIFIER = br.eti.manoelfilho.dubbox.DubboxUITests;
				PRODUCT_NAME = "$(TARGET_NAME)";
				SWIFT_VERSION = 5.0;
				TARGETED_DEVICE_FAMILY = "1,2";
				TEST_TARGET_NAME = Dubbox;
			};
			name = Debug;
		};
		BB054158268F7B160036E214 /* Release */ = {
			isa = XCBuildConfiguration;
			buildSettings = {
				ALWAYS_EMBED_SWIFT_STANDARD_LIBRARIES = YES;
				CODE_SIGN_STYLE = Automatic;
				DEVELOPMENT_TEAM = 56EQ48SVZJ;
				INFOPLIST_FILE = DubboxUITests/Info.plist;
				LD_RUNPATH_SEARCH_PATHS = (
					"$(inherited)",
					"@executable_path/Frameworks",
					"@loader_path/Frameworks",
				);
				PRODUCT_BUNDLE_IDENTIFIER = br.eti.manoelfilho.dubbox.DubboxUITests;
				PRODUCT_NAME = "$(TARGET_NAME)";
				SWIFT_VERSION = 5.0;
				TARGETED_DEVICE_FAMILY = "1,2";
				TEST_TARGET_NAME = Dubbox;
			};
			name = Release;
		};
/* End XCBuildConfiguration section */

/* Begin XCConfigurationList section */
		BB05411E268F7B130036E214 /* Build configuration list for PBXProject "Dubbox" */ = {
			isa = XCConfigurationList;
			buildConfigurations = (
				BB05414E268F7B160036E214 /* Debug */,
				BB05414F268F7B160036E214 /* Release */,
			);
			defaultConfigurationIsVisible = 0;
			defaultConfigurationName = Release;
		};
		BB054150268F7B160036E214 /* Build configuration list for PBXNativeTarget "Dubbox" */ = {
			isa = XCConfigurationList;
			buildConfigurations = (
				BB054151268F7B160036E214 /* Debug */,
				BB054152268F7B160036E214 /* Release */,
			);
			defaultConfigurationIsVisible = 0;
			defaultConfigurationName = Release;
		};
		BB054153268F7B160036E214 /* Build configuration list for PBXNativeTarget "DubboxTests" */ = {
			isa = XCConfigurationList;
			buildConfigurations = (
				BB054154268F7B160036E214 /* Debug */,
				BB054155268F7B160036E214 /* Release */,
			);
			defaultConfigurationIsVisible = 0;
			defaultConfigurationName = Release;
		};
		BB054156268F7B160036E214 /* Build configuration list for PBXNativeTarget "DubboxUITests" */ = {
			isa = XCConfigurationList;
			buildConfigurations = (
				BB054157268F7B160036E214 /* Debug */,
				BB054158268F7B160036E214 /* Release */,
			);
			defaultConfigurationIsVisible = 0;
			defaultConfigurationName = Release;
		};
/* End XCConfigurationList section */

/* Begin XCVersionGroup section */
		BB05412C268F7B130036E214 /* Dubbox.xcdatamodeld */ = {
			isa = XCVersionGroup;
			children = (
				BB05412D268F7B130036E214 /* Dubbox.xcdatamodel */,
			);
			currentVersion = BB05412D268F7B130036E214 /* Dubbox.xcdatamodel */;
			path = Dubbox.xcdatamodeld;
			sourceTree = "<group>";
			versionGroupType = wrapper.xcdatamodel;
		};
/* End XCVersionGroup section */
	};
	rootObject = BB05411B268F7B130036E214 /* Project object */;
}
